// !$*UTF8*$!
{
	archiveVersion = 1;
	classes = {
	};
	objectVersion = 50;
	objects = {

/* Begin PBXBuildFile section */
		AB5E4C552277D86A00094DAD /* AppDelegate.m in Sources */ = {isa = PBXBuildFile; fileRef = AB5E4C542277D86A00094DAD /* AppDelegate.m */; };
		AB5E4C582277D86A00094DAD /* ViewController.m in Sources */ = {isa = PBXBuildFile; fileRef = AB5E4C572277D86A00094DAD /* ViewController.m */; };
		AB5E4C5B2277D86A00094DAD /* Main.storyboard in Resources */ = {isa = PBXBuildFile; fileRef = AB5E4C592277D86A00094DAD /* Main.storyboard */; };
		AB5E4C5D2277D86B00094DAD /* Assets.xcassets in Resources */ = {isa = PBXBuildFile; fileRef = AB5E4C5C2277D86B00094DAD /* Assets.xcassets */; };
		AB5E4C602277D86B00094DAD /* LaunchScreen.storyboard in Resources */ = {isa = PBXBuildFile; fileRef = AB5E4C5E2277D86B00094DAD /* LaunchScreen.storyboard */; };
		AB5E4C632277D86B00094DAD /* main.m in Sources */ = {isa = PBXBuildFile; fileRef = AB5E4C622277D86B00094DAD /* main.m */; };
		AB5E4C6D2277D86B00094DAD /* QRScanderTests.m in Sources */ = {isa = PBXBuildFile; fileRef = AB5E4C6C2277D86B00094DAD /* QRScanderTests.m */; };
		AB5E4C782277D86B00094DAD /* QRScanderUITests.m in Sources */ = {isa = PBXBuildFile; fileRef = AB5E4C772277D86B00094DAD /* QRScanderUITests.m */; };
		AB5E4C922277D88E00094DAD /* scanLine2@2x.png in Resources */ = {isa = PBXBuildFile; fileRef = AB5E4C892277D88E00094DAD /* scanLine2@2x.png */; };
		AB5E4C932277D88E00094DAD /* scanLine2@3x.png in Resources */ = {isa = PBXBuildFile; fileRef = AB5E4C8A2277D88E00094DAD /* scanLine2@3x.png */; };
		AB5E4C942277D88E00094DAD /* scanscanBg2.png in Resources */ = {isa = PBXBuildFile; fileRef = AB5E4C8B2277D88E00094DAD /* scanscanBg2.png */; };
		AB5E4C952277D88E00094DAD /* tip.png in Resources */ = {isa = PBXBuildFile; fileRef = AB5E4C8C2277D88E00094DAD /* tip.png */; };
		AB5E4C962277D88E00094DAD /* tip@2x.png in Resources */ = {isa = PBXBuildFile; fileRef = AB5E4C8D2277D88E00094DAD /* tip@2x.png */; };
		AB5E4C972277D88E00094DAD /* ScanViewController.m in Sources */ = {isa = PBXBuildFile; fileRef = AB5E4C8E2277D88E00094DAD /* ScanViewController.m */; };
		AB5E4C982277D88E00094DAD /* CIImage+Extension.m in Sources */ = {isa = PBXBuildFile; fileRef = AB5E4C8F2277D88E00094DAD /* CIImage+Extension.m */; };
		AB5E4C992277D88E00094DAD /* CreatQCodeViewController.m in Sources */ = {isa = PBXBuildFile; fileRef = AB5E4C902277D88E00094DAD /* CreatQCodeViewController.m */; };
		AB5E4CA12277DC7C00094DAD /* images.xcassets in Resources */ = {isa = PBXBuildFile; fileRef = AB5E4CA02277DC7C00094DAD /* images.xcassets */; };
/* End PBXBuildFile section */

/* Begin PBXContainerItemProxy section */
		AB5E4C692277D86B00094DAD /* PBXContainerItemProxy */ = {
			isa = PBXContainerItemProxy;
			containerPortal = AB5E4C482277D86A00094DAD /* Project object */;
			proxyType = 1;
			remoteGlobalIDString = AB5E4C4F2277D86A00094DAD;
			remoteInfo = QRScander;
		};
		AB5E4C742277D86B00094DAD /* PBXContainerItemProxy */ = {
			isa = PBXContainerItemProxy;
			containerPortal = AB5E4C482277D86A00094DAD /* Project object */;
			proxyType = 1;
			remoteGlobalIDString = AB5E4C4F2277D86A00094DAD;
			remoteInfo = QRScander;
		};
/* End PBXContainerItemProxy section */

/* Begin PBXFileReference section */
		AB5E4C502277D86A00094DAD /* QRScander.app */ = {isa = PBXFileReference; explicitFileType = wrapper.application; includeInIndex = 0; path = QRScander.app; sourceTree = BUILT_PRODUCTS_DIR; };
		AB5E4C532277D86A00094DAD /* AppDelegate.h */ = {isa = PBXFileReference; lastKnownFileType = sourcecode.c.h; path = AppDelegate.h; sourceTree = "<group>"; };
		AB5E4C542277D86A00094DAD /* AppDelegate.m */ = {isa = PBXFileReference; lastKnownFileType = sourcecode.c.objc; path = AppDelegate.m; sourceTree = "<group>"; };
		AB5E4C562277D86A00094DAD /* ViewController.h */ = {isa = PBXFileReference; lastKnownFileType = sourcecode.c.h; path = ViewController.h; sourceTree = "<group>"; };
		AB5E4C572277D86A00094DAD /* ViewController.m */ = {isa = PBXFileReference; lastKnownFileType = sourcecode.c.objc; path = ViewController.m; sourceTree = "<group>"; };
		AB5E4C5A2277D86A00094DAD /* Base */ = {isa = PBXFileReference; lastKnownFileType = file.storyboard; name = Base; path = Base.lproj/Main.storyboard; sourceTree = "<group>"; };
		AB5E4C5C2277D86B00094DAD /* Assets.xcassets */ = {isa = PBXFileReference; lastKnownFileType = folder.assetcatalog; path = Assets.xcassets; sourceTree = "<group>"; };
		AB5E4C5F2277D86B00094DAD /* Base */ = {isa = PBXFileReference; lastKnownFileType = file.storyboard; name = Base; path = Base.lproj/LaunchScreen.storyboard; sourceTree = "<group>"; };
		AB5E4C612277D86B00094DAD /* Info.plist */ = {isa = PBXFileReference; lastKnownFileType = text.plist.xml; path = Info.plist; sourceTree = "<group>"; };
		AB5E4C622277D86B00094DAD /* main.m */ = {isa = PBXFileReference; lastKnownFileType = sourcecode.c.objc; path = main.m; sourceTree = "<group>"; };
		AB5E4C682277D86B00094DAD /* QRScanderTests.xctest */ = {isa = PBXFileReference; explicitFileType = wrapper.cfbundle; includeInIndex = 0; path = QRScanderTests.xctest; sourceTree = BUILT_PRODUCTS_DIR; };
		AB5E4C6C2277D86B00094DAD /* QRScanderTests.m */ = {isa = PBXFileReference; lastKnownFileType = sourcecode.c.objc; path = QRScanderTests.m; sourceTree = "<group>"; };
		AB5E4C6E2277D86B00094DAD /* Info.plist */ = {isa = PBXFileReference; lastKnownFileType = text.plist.xml; path = Info.plist; sourceTree = "<group>"; };
		AB5E4C732277D86B00094DAD /* QRScanderUITests.xctest */ = {isa = PBXFileReference; explicitFileType = wrapper.cfbundle; includeInIndex = 0; path = QRScanderUITests.xctest; sourceTree = BUILT_PRODUCTS_DIR; };
		AB5E4C772277D86B00094DAD /* QRScanderUITests.m */ = {isa = PBXFileReference; lastKnownFileType = sourcecode.c.objc; path = QRScanderUITests.m; sourceTree = "<group>"; };
		AB5E4C792277D86B00094DAD /* Info.plist */ = {isa = PBXFileReference; lastKnownFileType = text.plist.xml; path = Info.plist; sourceTree = "<group>"; };
		AB5E4C862277D88E00094DAD /* CreatQCodeViewController.h */ = {isa = PBXFileReference; fileEncoding = 4; lastKnownFileType = sourcecode.c.h; path = CreatQCodeViewController.h; sourceTree = "<group>"; };
		AB5E4C872277D88E00094DAD /* CIImage+Extension.h */ = {isa = PBXFileReference; fileEncoding = 4; lastKnownFileType = sourcecode.c.h; path = "CIImage+Extension.h"; sourceTree = "<group>"; };
		AB5E4C892277D88E00094DAD /* scanLine2@2x.png */ = {isa = PBXFileReference; lastKnownFileType = image.png; path = "scanLine2@2x.png"; sourceTree = "<group>"; };
		AB5E4C8A2277D88E00094DAD /* scanLine2@3x.png */ = {isa = PBXFileReference; lastKnownFileType = image.png; path = "scanLine2@3x.png"; sourceTree = "<group>"; };
		AB5E4C8B2277D88E00094DAD /* scanscanBg2.png */ = {isa = PBXFileReference; lastKnownFileType = image.png; path = scanscanBg2.png; sourceTree = "<group>"; };
		AB5E4C8C2277D88E00094DAD /* tip.png */ = {isa = PBXFileReference; lastKnownFileType = image.png; path = tip.png; sourceTree = "<group>"; };
		AB5E4C8D2277D88E00094DAD /* tip@2x.png */ = {isa = PBXFileReference; lastKnownFileType = image.png; path = "tip@2x.png"; sourceTree = "<group>"; };
		AB5E4C8E2277D88E00094DAD /* ScanViewController.m */ = {isa = PBXFileReference; fileEncoding = 4; lastKnownFileType = sourcecode.c.objc; path = ScanViewController.m; sourceTree = "<group>"; };
		AB5E4C8F2277D88E00094DAD /* CIImage+Extension.m */ = {isa = PBXFileReference; fileEncoding = 4; lastKnownFileType = sourcecode.c.objc; path = "CIImage+Extension.m"; sourceTree = "<group>"; };
		AB5E4C902277D88E00094DAD /* CreatQCodeViewController.m */ = {isa = PBXFileReference; fileEncoding = 4; lastKnownFileType = sourcecode.c.objc; path = CreatQCodeViewController.m; sourceTree = "<group>"; };
		AB5E4C912277D88E00094DAD /* ScanViewController.h */ = {isa = PBXFileReference; fileEncoding = 4; lastKnownFileType = sourcecode.c.h; path = ScanViewController.h; sourceTree = "<group>"; };
		AB5E4CA02277DC7C00094DAD /* images.xcassets */ = {isa = PBXFileReference; lastKnownFileType = folder.assetcatalog; path = images.xcassets; sourceTree = "<group>"; };
/* End PBXFileReference section */

/* Begin PBXFrameworksBuildPhase section */
		AB5E4C4D2277D86A00094DAD /* Frameworks */ = {
			isa = PBXFrameworksBuildPhase;
			buildActionMask = 2147483647;
			files = (
			);
			runOnlyForDeploymentPostprocessing = 0;
		};
		AB5E4C652277D86B00094DAD /* Frameworks */ = {
			isa = PBXFrameworksBuildPhase;
			buildActionMask = 2147483647;
			files = (
			);
			runOnlyForDeploymentPostprocessing = 0;
		};
		AB5E4C702277D86B00094DAD /* Frameworks */ = {
			isa = PBXFrameworksBuildPhase;
			buildActionMask = 2147483647;
			files = (
			);
			runOnlyForDeploymentPostprocessing = 0;
		};
/* End PBXFrameworksBuildPhase section */

/* Begin PBXGroup section */
		AB5E4C472277D86A00094DAD = {
			isa = PBXGroup;
			children = (
				AB5E4C522277D86A00094DAD /* QRScander */,
				AB5E4C6B2277D86B00094DAD /* QRScanderTests */,
				AB5E4C762277D86B00094DAD /* QRScanderUITests */,
				AB5E4C512277D86A00094DAD /* Products */,
			);
			sourceTree = "<group>";
		};
		AB5E4C512277D86A00094DAD /* Products */ = {
			isa = PBXGroup;
			children = (
				AB5E4C502277D86A00094DAD /* QRScander.app */,
				AB5E4C682277D86B00094DAD /* QRScanderTests.xctest */,
				AB5E4C732277D86B00094DAD /* QRScanderUITests.xctest */,
			);
			name = Products;
			sourceTree = "<group>";
		};
		AB5E4C522277D86A00094DAD /* QRScander */ = {
			isa = PBXGroup;
			children = (
				AB5E4C852277D88E00094DAD /* QRCode */,
				AB5E4C532277D86A00094DAD /* AppDelegate.h */,
				AB5E4C542277D86A00094DAD /* AppDelegate.m */,
				AB5E4C562277D86A00094DAD /* ViewController.h */,
				AB5E4C572277D86A00094DAD /* ViewController.m */,
				AB5E4C592277D86A00094DAD /* Main.storyboard */,
				AB5E4C5C2277D86B00094DAD /* Assets.xcassets */,
				AB5E4C5E2277D86B00094DAD /* LaunchScreen.storyboard */,
				AB5E4C612277D86B00094DAD /* Info.plist */,
				AB5E4C622277D86B00094DAD /* main.m */,
			);
			path = QRScander;
			sourceTree = "<group>";
		};
		AB5E4C6B2277D86B00094DAD /* QRScanderTests */ = {
			isa = PBXGroup;
			children = (
				AB5E4C6C2277D86B00094DAD /* QRScanderTests.m */,
				AB5E4C6E2277D86B00094DAD /* Info.plist */,
			);
			path = QRScanderTests;
			sourceTree = "<group>";
		};
		AB5E4C762277D86B00094DAD /* QRScanderUITests */ = {
			isa = PBXGroup;
			children = (
				AB5E4C772277D86B00094DAD /* QRScanderUITests.m */,
				AB5E4C792277D86B00094DAD /* Info.plist */,
			);
			path = QRScanderUITests;
			sourceTree = "<group>";
		};
		AB5E4C852277D88E00094DAD /* QRCode */ = {
			isa = PBXGroup;
			children = (
				AB5E4C862277D88E00094DAD /* CreatQCodeViewController.h */,
				AB5E4C872277D88E00094DAD /* CIImage+Extension.h */,
				AB5E4C882277D88E00094DAD /* imagess */,
				AB5E4C8E2277D88E00094DAD /* ScanViewController.m */,
				AB5E4C8F2277D88E00094DAD /* CIImage+Extension.m */,
				AB5E4C902277D88E00094DAD /* CreatQCodeViewController.m */,
				AB5E4C912277D88E00094DAD /* ScanViewController.h */,
			);
			path = QRCode;
			sourceTree = "<group>";
		};
		AB5E4C882277D88E00094DAD /* imagess */ = {
			isa = PBXGroup;
			children = (
				AB5E4C892277D88E00094DAD /* scanLine2@2x.png */,
				AB5E4C8A2277D88E00094DAD /* scanLine2@3x.png */,
				AB5E4C8B2277D88E00094DAD /* scanscanBg2.png */,
				AB5E4C8C2277D88E00094DAD /* tip.png */,
				AB5E4C8D2277D88E00094DAD /* tip@2x.png */,
				AB5E4CA02277DC7C00094DAD /* images.xcassets */,
			);
			path = imagess;
			sourceTree = "<group>";
		};
/* End PBXGroup section */

/* Begin PBXNativeTarget section */
		AB5E4C4F2277D86A00094DAD /* QRScander */ = {
			isa = PBXNativeTarget;
			buildConfigurationList = AB5E4C7C2277D86B00094DAD /* Build configuration list for PBXNativeTarget "QRScander" */;
			buildPhases = (
				AB5E4C4C2277D86A00094DAD /* Sources */,
				AB5E4C4D2277D86A00094DAD /* Frameworks */,
				AB5E4C4E2277D86A00094DAD /* Resources */,
			);
			buildRules = (
			);
			dependencies = (
			);
			name = QRScander;
			productName = QRScander;
			productReference = AB5E4C502277D86A00094DAD /* QRScander.app */;
			productType = "com.apple.product-type.application";
		};
		AB5E4C672277D86B00094DAD /* QRScanderTests */ = {
			isa = PBXNativeTarget;
			buildConfigurationList = AB5E4C7F2277D86B00094DAD /* Build configuration list for PBXNativeTarget "QRScanderTests" */;
			buildPhases = (
				AB5E4C642277D86B00094DAD /* Sources */,
				AB5E4C652277D86B00094DAD /* Frameworks */,
				AB5E4C662277D86B00094DAD /* Resources */,
			);
			buildRules = (
			);
			dependencies = (
				AB5E4C6A2277D86B00094DAD /* PBXTargetDependency */,
			);
			name = QRScanderTests;
			productName = QRScanderTests;
			productReference = AB5E4C682277D86B00094DAD /* QRScanderTests.xctest */;
			productType = "com.apple.product-type.bundle.unit-test";
		};
		AB5E4C722277D86B00094DAD /* QRScanderUITests */ = {
			isa = PBXNativeTarget;
			buildConfigurationList = AB5E4C822277D86B00094DAD /* Build configuration list for PBXNativeTarget "QRScanderUITests" */;
			buildPhases = (
				AB5E4C6F2277D86B00094DAD /* Sources */,
				AB5E4C702277D86B00094DAD /* Frameworks */,
				AB5E4C712277D86B00094DAD /* Resources */,
			);
			buildRules = (
			);
			dependencies = (
				AB5E4C752277D86B00094DAD /* PBXTargetDependency */,
			);
			name = QRScanderUITests;
			productName = QRScanderUITests;
			productReference = AB5E4C732277D86B00094DAD /* QRScanderUITests.xctest */;
			productType = "com.apple.product-type.bundle.ui-testing";
		};
/* End PBXNativeTarget section */

/* Begin PBXProject section */
		AB5E4C482277D86A00094DAD /* Project object */ = {
			isa = PBXProject;
			attributes = {
				LastUpgradeCheck = 1020;
				ORGANIZATIONNAME = charles;
				TargetAttributes = {
					AB5E4C4F2277D86A00094DAD = {
						CreatedOnToolsVersion = 10.2.1;
					};
					AB5E4C672277D86B00094DAD = {
						CreatedOnToolsVersion = 10.2.1;
						TestTargetID = AB5E4C4F2277D86A00094DAD;
					};
					AB5E4C722277D86B00094DAD = {
						CreatedOnToolsVersion = 10.2.1;
						TestTargetID = AB5E4C4F2277D86A00094DAD;
					};
				};
			};
			buildConfigurationList = AB5E4C4B2277D86A00094DAD /* Build configuration list for PBXProject "QRScander" */;
			compatibilityVersion = "Xcode 9.3";
			developmentRegion = en;
			hasScannedForEncodings = 0;
			knownRegions = (
				en,
				Base,
			);
			mainGroup = AB5E4C472277D86A00094DAD;
			productRefGroup = AB5E4C512277D86A00094DAD /* Products */;
			projectDirPath = "";
			projectRoot = "";
			targets = (
				AB5E4C4F2277D86A00094DAD /* QRScander */,
				AB5E4C672277D86B00094DAD /* QRScanderTests */,
				AB5E4C722277D86B00094DAD /* QRScanderUITests */,
			);
		};
/* End PBXProject section */

/* Begin PBXResourcesBuildPhase section */
		AB5E4C4E2277D86A00094DAD /* Resources */ = {
			isa = PBXResourcesBuildPhase;
			buildActionMask = 2147483647;
			files = (
				AB5E4C922277D88E00094DAD /* scanLine2@2x.png in Resources */,
				AB5E4C932277D88E00094DAD /* scanLine2@3x.png in Resources */,
				AB5E4C602277D86B00094DAD /* LaunchScreen.storyboard in Resources */,
				AB5E4C5D2277D86B00094DAD /* Assets.xcassets in Resources */,
				AB5E4C962277D88E00094DAD /* tip@2x.png in Resources */,
				AB5E4C5B2277D86A00094DAD /* Main.storyboard in Resources */,
				AB5E4CA12277DC7C00094DAD /* images.xcassets in Resources */,
				AB5E4C942277D88E00094DAD /* scanscanBg2.png in Resources */,
				AB5E4C952277D88E00094DAD /* tip.png in Resources */,
			);
			runOnlyForDeploymentPostprocessing = 0;
		};
		AB5E4C662277D86B00094DAD /* Resources */ = {
			isa = PBXResourcesBuildPhase;
			buildActionMask = 2147483647;
			files = (
			);
			runOnlyForDeploymentPostprocessing = 0;
		};
		AB5E4C712277D86B00094DAD /* Resources */ = {
			isa = PBXResourcesBuildPhase;
			buildActionMask = 2147483647;
			files = (
			);
			runOnlyForDeploymentPostprocessing = 0;
		};
/* End PBXResourcesBuildPhase section */

/* Begin PBXSourcesBuildPhase section */
		AB5E4C4C2277D86A00094DAD /* Sources */ = {
			isa = PBXSourcesBuildPhase;
			buildActionMask = 2147483647;
			files = (
				AB5E4C582277D86A00094DAD /* ViewController.m in Sources */,
				AB5E4C632277D86B00094DAD /* main.m in Sources */,
				AB5E4C982277D88E00094DAD /* CIImage+Extension.m in Sources */,
				AB5E4C552277D86A00094DAD /* AppDelegate.m in Sources */,
				AB5E4C972277D88E00094DAD /* ScanViewController.m in Sources */,
				AB5E4C992277D88E00094DAD /* CreatQCodeViewController.m in Sources */,
			);
			runOnlyForDeploymentPostprocessing = 0;
		};
		AB5E4C642277D86B00094DAD /* Sources */ = {
			isa = PBXSourcesBuildPhase;
			buildActionMask = 2147483647;
			files = (
				AB5E4C6D2277D86B00094DAD /* QRScanderTests.m in Sources */,
			);
			runOnlyForDeploymentPostprocessing = 0;
		};
		AB5E4C6F2277D86B00094DAD /* Sources */ = {
			isa = PBXSourcesBuildPhase;
			buildActionMask = 2147483647;
			files = (
				AB5E4C782277D86B00094DAD /* QRScanderUITests.m in Sources */,
			);
			runOnlyForDeploymentPostprocessing = 0;
		};
/* End PBXSourcesBuildPhase section */

/* Begin PBXTargetDependency section */
		AB5E4C6A2277D86B00094DAD /* PBXTargetDependency */ = {
			isa = PBXTargetDependency;
			target = AB5E4C4F2277D86A00094DAD /* QRScander */;
			targetProxy = AB5E4C692277D86B00094DAD /* PBXContainerItemProxy */;
		};
		AB5E4C752277D86B00094DAD /* PBXTargetDependency */ = {
			isa = PBXTargetDependency;
			target = AB5E4C4F2277D86A00094DAD /* QRScander */;
			targetProxy = AB5E4C742277D86B00094DAD /* PBXContainerItemProxy */;
		};
/* End PBXTargetDependency section */

/* Begin PBXVariantGroup section */
		AB5E4C592277D86A00094DAD /* Main.storyboard */ = {
			isa = PBXVariantGroup;
			children = (
				AB5E4C5A2277D86A00094DAD /* Base */,
			);
			name = Main.storyboard;
			sourceTree = "<group>";
		};
		AB5E4C5E2277D86B00094DAD /* LaunchScreen.storyboard */ = {
			isa = PBXVariantGroup;
			children = (
				AB5E4C5F2277D86B00094DAD /* Base */,
			);
			name = LaunchScreen.storyboard;
			sourceTree = "<group>";
		};
/* End PBXVariantGroup section */

/* Begin XCBuildConfiguration section */
		AB5E4C7A2277D86B00094DAD /* Debug */ = {
			isa = XCBuildConfiguration;
			buildSettings = {
				ALWAYS_SEARCH_USER_PATHS = NO;
				CLANG_ANALYZER_NONNULL = YES;
				CLANG_ANALYZER_NUMBER_OBJECT_CONVERSION = YES_AGGRESSIVE;
				CLANG_CXX_LANGUAGE_STANDARD = "gnu++14";
				CLANG_CXX_LIBRARY = "libc++";
				CLANG_ENABLE_MODULES = YES;
				CLANG_ENABLE_OBJC_ARC = YES;
				CLANG_ENABLE_OBJC_WEAK = YES;
				CLANG_WARN_BLOCK_CAPTURE_AUTORELEASING = YES;
				CLANG_WARN_BOOL_CONVERSION = YES;
				CLANG_WARN_COMMA = YES;
				CLANG_WARN_CONSTANT_CONVERSION = YES;
				CLANG_WARN_DEPRECATED_OBJC_IMPLEMENTATIONS = YES;
				CLANG_WARN_DIRECT_OBJC_ISA_USAGE = YES_ERROR;
				CLANG_WARN_DOCUMENTATION_COMMENTS = YES;
				CLANG_WARN_EMPTY_BODY = YES;
				CLANG_WARN_ENUM_CONVERSION = YES;
				CLANG_WARN_INFINITE_RECURSION = YES;
				CLANG_WARN_INT_CONVERSION = YES;
				CLANG_WARN_NON_LITERAL_NULL_CONVERSION = YES;
				CLANG_WARN_OBJC_IMPLICIT_RETAIN_SELF = YES;
				CLANG_WARN_OBJC_LITERAL_CONVERSION = YES;
				CLANG_WARN_OBJC_ROOT_CLASS = YES_ERROR;
				CLANG_WARN_RANGE_LOOP_ANALYSIS = YES;
				CLANG_WARN_STRICT_PROTOTYPES = YES;
				CLANG_WARN_SUSPICIOUS_MOVE = YES;
				CLANG_WARN_UNGUARDED_AVAILABILITY = YES_AGGRESSIVE;
				CLANG_WARN_UNREACHABLE_CODE = YES;
				CLANG_WARN__DUPLICATE_METHOD_MATCH = YES;
				CODE_SIGN_IDENTITY = "iPhone Developer";
				COPY_PHASE_STRIP = NO;
				DEBUG_INFORMATION_FORMAT = dwarf;
				ENABLE_STRICT_OBJC_MSGSEND = YES;
				ENABLE_TESTABILITY = YES;
				GCC_C_LANGUAGE_STANDARD = gnu11;
				GCC_DYNAMIC_NO_PIC = NO;
				GCC_NO_COMMON_BLOCKS = YES;
				GCC_OPTIMIZATION_LEVEL = 0;
				GCC_PREPROCESSOR_DEFINITIONS = (
					"DEBUG=1",
					"$(inherited)",
				);
				GCC_WARN_64_TO_32_BIT_CONVERSION = YES;
				GCC_WARN_ABOUT_RETURN_TYPE = YES_ERROR;
				GCC_WARN_UNDECLARED_SELECTOR = YES;
				GCC_WARN_UNINITIALIZED_AUTOS = YES_AGGRESSIVE;
				GCC_WARN_UNUSED_FUNCTION = YES;
				GCC_WARN_UNUSED_VARIABLE = YES;
				IPHONEOS_DEPLOYMENT_TARGET = 12.2;
				MTL_ENABLE_DEBUG_INFO = INCLUDE_SOURCE;
				MTL_FAST_MATH = YES;
				ONLY_ACTIVE_ARCH = YES;
				SDKROOT = iphoneos;
			};
			name = Debug;
		};
		AB5E4C7B2277D86B00094DAD /* Release */ = {
			isa = XCBuildConfiguration;
			buildSettings = {
				ALWAYS_SEARCH_USER_PATHS = NO;
				CLANG_ANALYZER_NONNULL = YES;
				CLANG_ANALYZER_NUMBER_OBJECT_CONVERSION = YES_AGGRESSIVE;
				CLANG_CXX_LANGUAGE_STANDARD = "gnu++14";
				CLANG_CXX_LIBRARY = "libc++";
				CLANG_ENABLE_MODULES = YES;
				CLANG_ENABLE_OBJC_ARC = YES;
				CLANG_ENABLE_OBJC_WEAK = YES;
				CLANG_WARN_BLOCK_CAPTURE_AUTORELEASING = YES;
				CLANG_WARN_BOOL_CONVERSION = YES;
				CLANG_WARN_COMMA = YES;
				CLANG_WARN_CONSTANT_CONVERSION = YES;
				CLANG_WARN_DEPRECATED_OBJC_IMPLEMENTATIONS = YES;
				CLANG_WARN_DIRECT_OBJC_ISA_USAGE = YES_ERROR;
				CLANG_WARN_DOCUMENTATION_COMMENTS = YES;
				CLANG_WARN_EMPTY_BODY = YES;
				CLANG_WARN_ENUM_CONVERSION = YES;
				CLANG_WARN_INFINITE_RECURSION = YES;
				CLANG_WARN_INT_CONVERSION = YES;
				CLANG_WARN_NON_LITERAL_NULL_CONVERSION = YES;
				CLANG_WARN_OBJC_IMPLICIT_RETAIN_SELF = YES;
				CLANG_WARN_OBJC_LITERAL_CONVERSION = YES;
				CLANG_WARN_OBJC_ROOT_CLASS = YES_ERROR;
				CLANG_WARN_RANGE_LOOP_ANALYSIS = YES;
				CLANG_WARN_STRICT_PROTOTYPES = YES;
				CLANG_WARN_SUSPICIOUS_MOVE = YES;
				CLANG_WARN_UNGUARDED_AVAILABILITY = YES_AGGRESSIVE;
				CLANG_WARN_UNREACHABLE_CODE = YES;
				CLANG_WARN__DUPLICATE_METHOD_MATCH = YES;
				CODE_SIGN_IDENTITY = "iPhone Developer";
				COPY_PHASE_STRIP = NO;
				DEBUG_INFORMATION_FORMAT = "dwarf-with-dsym";
				ENABLE_NS_ASSERTIONS = NO;
				ENABLE_STRICT_OBJC_MSGSEND = YES;
				GCC_C_LANGUAGE_STANDARD = gnu11;
				GCC_NO_COMMON_BLOCKS = YES;
				GCC_WARN_64_TO_32_BIT_CONVERSION = YES;
				GCC_WARN_ABOUT_RETURN_TYPE = YES_ERROR;
				GCC_WARN_UNDECLARED_SELECTOR = YES;
				GCC_WARN_UNINITIALIZED_AUTOS = YES_AGGRESSIVE;
				GCC_WARN_UNUSED_FUNCTION = YES;
				GCC_WARN_UNUSED_VARIABLE = YES;
				IPHONEOS_DEPLOYMENT_TARGET = 12.2;
				MTL_ENABLE_DEBUG_INFO = NO;
				MTL_FAST_MATH = YES;
				SDKROOT = iphoneos;
				VALIDATE_PRODUCT = YES;
			};
			name = Release;
		};
		AB5E4C7D2277D86B00094DAD /* Debug */ = {
			isa = XCBuildConfiguration;
			buildSettings = {
				ASSETCATALOG_COMPILER_APPICON_NAME = AppIcon;
				CODE_SIGN_STYLE = Automatic;
				DEVELOPMENT_TEAM = 9X5949L625;
				INFOPLIST_FILE = QRScander/Info.plist;
				LD_RUNPATH_SEARCH_PATHS = (
					"$(inherited)",
					"@executable_path/Frameworks",
				);
				PRODUCT_BUNDLE_IDENTIFIER = www.charlesLaw.com.QRScander;
				PRODUCT_NAME = "$(TARGET_NAME)";
				TARGETED_DEVICE_FAMILY = "1,2";
			};
			name = Debug;
		};
		AB5E4C7E2277D86B00094DAD /* Release */ = {
			isa = XCBuildConfiguration;
			buildSettings = {
				ASSETCATALOG_COMPILER_APPICON_NAME = AppIcon;
				CODE_SIGN_STYLE = Automatic;
				DEVELOPMENT_TEAM = 9X5949L625;
				INFOPLIST_FILE = QRScander/Info.plist;
				LD_RUNPATH_SEARCH_PATHS = (
					"$(inherited)",
					"@executable_path/Frameworks",
				);
				PRODUCT_BUNDLE_IDENTIFIER = www.charlesLaw.com.QRScander;
				PRODUCT_NAME = "$(TARGET_NAME)";
				TARGETED_DEVICE_FAMILY = "1,2";
			};
			name = Release;
		};
		AB5E4C802277D86B00094DAD /* Debug */ = {
			isa = XCBuildConfiguration;
			buildSettings = {
				BUNDLE_LOADER = "$(TEST_HOST)";
				CODE_SIGN_STYLE = Automatic;
				DEVELOPMENT_TEAM = 9X5949L625;
				INFOPLIST_FILE = QRScanderTests/Info.plist;
				LD_RUNPATH_SEARCH_PATHS = (
					"$(inherited)",
					"@executable_path/Frameworks",
					"@loader_path/Frameworks",
				);
				PRODUCT_BUNDLE_IDENTIFIER = www.charlesLaw.com.QRScanderTests;
				PRODUCT_NAME = "$(TARGET_NAME)";
				TARGETED_DEVICE_FAMILY = "1,2";
				TEST_HOST = "$(BUILT_PRODUCTS_DIR)/QRScander.app/QRScander";
			};
			name = Debug;
		};
		AB5E4C812277D86B00094DAD /* Release */ = {
			isa = XCBuildConfiguration;
			buildSettings = {
				BUNDLE_LOADER = "$(TEST_HOST)";
				CODE_SIGN_STYLE = Automatic;
				DEVELOPMENT_TEAM = 9X5949L625;
				INFOPLIST_FILE = QRScanderTests/Info.plist;
				LD_RUNPATH_SEARCH_PATHS = (
					"$(inherited)",
					"@executable_path/Frameworks",
					"@loader_path/Frameworks",
				);
				PRODUCT_BUNDLE_IDENTIFIER = www.charlesLaw.com.QRScanderTests;
				PRODUCT_NAME = "$(TARGET_NAME)";
				TARGETED_DEVICE_FAMILY = "1,2";
				TEST_HOST = "$(BUILT_PRODUCTS_DIR)/QRScander.app/QRScander";
			};
			name = Release;
		};
		AB5E4C832277D86B00094DAD /* Debug */ = {
			isa = XCBuildConfiguration;
			buildSettings = {
				CODE_SIGN_STYLE = Automatic;
				DEVELOPMENT_TEAM = 9X5949L625;
				INFOPLIST_FILE = QRScanderUITests/Info.plist;
				LD_RUNPATH_SEARCH_PATHS = (
					"$(inherited)",
					"@executable_path/Frameworks",
					"@loader_path/Frameworks",
				);
				PRODUCT_BUNDLE_IDENTIFIER = www.charlesLaw.com.QRScanderUITests;
				PRODUCT_NAME = "$(TARGET_NAME)";
				TARGETED_DEVICE_FAMILY = "1,2";
				TEST_TARGET_NAME = QRScander;
			};
			name = Debug;
		};
		AB5E4C842277D86B00094DAD /* Release */ = {
			isa = XCBuildConfiguration;
			buildSettings = {
				CODE_SIGN_STYLE = Automatic;
				DEVELOPMENT_TEAM = 9X5949L625;
				INFOPLIST_FILE = QRScanderUITests/Info.plist;
				LD_RUNPATH_SEARCH_PATHS = (
					"$(inherited)",
					"@executable_path/Frameworks",
					"@loader_path/Frameworks",
				);
				PRODUCT_BUNDLE_IDENTIFIER = www.charlesLaw.com.QRScanderUITests;
				PRODUCT_NAME = "$(TARGET_NAME)";
				TARGETED_DEVICE_FAMILY = "1,2";
				TEST_TARGET_NAME = QRScander;
			};
			name = Release;
		};
/* End XCBuildConfiguration section */

/* Begin XCConfigurationList section */
		AB5E4C4B2277D86A00094DAD /* Build configuration list for PBXProject "QRScander" */ = {
			isa = XCConfigurationList;
			buildConfigurations = (
				AB5E4C7A2277D86B00094DAD /* Debug */,
				AB5E4C7B2277D86B00094DAD /* Release */,
			);
			defaultConfigurationIsVisible = 0;
			defaultConfigurationName = Release;
		};
		AB5E4C7C2277D86B00094DAD /* Build configuration list for PBXNativeTarget "QRScander" */ = {
			isa = XCConfigurationList;
			buildConfigurations = (
				AB5E4C7D2277D86B00094DAD /* Debug */,
				AB5E4C7E2277D86B00094DAD /* Release */,
			);
			defaultConfigurationIsVisible = 0;
			defaultConfigurationName = Release;
		};
		AB5E4C7F2277D86B00094DAD /* Build configuration list for PBXNativeTarget "QRScanderTests" */ = {
			isa = XCConfigurationList;
			buildConfigurations = (
				AB5E4C802277D86B00094DAD /* Debug */,
				AB5E4C812277D86B00094DAD /* Release */,
			);
			defaultConfigurationIsVisible = 0;
			defaultConfigurationName = Release;
		};
		AB5E4C822277D86B00094DAD /* Build configuration list for PBXNativeTarget "QRScanderUITests" */ = {
			isa = XCConfigurationList;
			buildConfigurations = (
				AB5E4C832277D86B00094DAD /* Debug */,
				AB5E4C842277D86B00094DAD /* Release */,
			);
			defaultConfigurationIsVisible = 0;
			defaultConfigurationName = Release;
		};
/* End XCConfigurationList section */
	};
	rootObject = AB5E4C482277D86A00094DAD /* Project object */;
}
